
Microsoft Visual Studio Solution File, Format Version 12.00
# Visual Studio Version 17
VisualStudioVersion = 17.6.33815.320
MinimumVisualStudioVersion = 10.0.40219.1
Project("{FAE04EC0-301F-11D3-BF4B-00C04F79EFBC}") = "MyStoreCRUD", "MyStoreCRUD\MyStoreCRUD.csproj", "{3218EA16-A60C-4216-9003-4D02B2377A00}"
EndProject
Global
	GlobalSection(SolutionConfigurationPlatforms) = preSolution
		Debug|Any CPU = Debug|Any CPU
		Release|Any CPU = Release|Any CPU
	EndGlobalSection
	GlobalSection(ProjectConfigurationPlatforms) = postSolution
		{3218EA16-A60C-4216-9003-4D02B2377A00}.Debug|Any CPU.ActiveCfg = Debug|Any CPU
		{3218EA16-A60C-4216-9003-4D02B2377A00}.Debug|Any CPU.Build.0 = Debug|Any CPU
		{3218EA16-A60C-4216-9003-4D02B2377A00}.Release|Any CPU.ActiveCfg = Release|Any CPU
		{3218EA16-A60C-4216-9003-4D02B2377A00}.Release|Any CPU.Build.0 = Release|Any CPU
	EndGlobalSection
	GlobalSection(SolutionProperties) = preSolution
		HideSolutionNode = FALSE
	EndGlobalSection
	GlobalSection(ExtensibilityGlobals) = postSolution
		SolutionGuid = {0CC57260-D1DC-4847-804D-4604C0184A93}
	EndGlobalSection
EndGlobal
